
Microsoft Visual Studio Solution File, Format Version 10.00
# Visual Studio 2008
Project("{8BC9CEB8-8B4A-11D0-8D11-00A0C91BC942}") = "dynamic", "dynamic.vcproj", "{2B2DBE6D-9A5E-4BF4-823F-6E13ABBEF2CD}"
EndProject
Project("{8BC9CEB8-8B4A-11D0-8D11-00A0C91BC942}") = "tests", "tests\tests.vcproj", "{12EF6F80-B5B7-46F2-8410-4666982C566C}"
	ProjectSection(ProjectDependencies) = postProject
		{2B2DBE6D-9A5E-4BF4-823F-6E13ABBEF2CD} = {2B2DBE6D-9A5E-4BF4-823F-6E13ABBEF2CD}
	EndProjectSection
EndProject
Project("{2150E333-8FDC-42A3-9474-1A3956D46DE8}") = "Solution Items", "Solution Items", "{288EB9EB-48C2-4554-884F-CBC908903383}"
	ProjectSection(SolutionItems) = preProject
		COPYING.txt = COPYING.txt
		todo.txt = todo.txt
	EndProjectSection
EndProject
Global
	GlobalSection(SubversionScc) = preSolution
		Svn-Managed = True
		Manager = AnkhSVN - Subversion Support for Visual Studio
	EndGlobalSection
	GlobalSection(SolutionConfigurationPlatforms) = preSolution
		Debug|Win32 = Debug|Win32
		Release|Win32 = Release|Win32
	EndGlobalSection
	GlobalSection(ProjectConfigurationPlatforms) = postSolution
		{2B2DBE6D-9A5E-4BF4-823F-6E13ABBEF2CD}.Debug|Win32.ActiveCfg = Debug|Win32
		{2B2DBE6D-9A5E-4BF4-823F-6E13ABBEF2CD}.Debug|Win32.Build.0 = Debug|Win32
		{2B2DBE6D-9A5E-4BF4-823F-6E13ABBEF2CD}.Release|Win32.ActiveCfg = Release|Win32
		{2B2DBE6D-9A5E-4BF4-823F-6E13ABBEF2CD}.Release|Win32.Build.0 = Release|Win32
		{12EF6F80-B5B7-46F2-8410-4666982C566C}.Debug|Win32.ActiveCfg = Debug|Win32
		{12EF6F80-B5B7-46F2-8410-4666982C566C}.Debug|Win32.Build.0 = Debug|Win32
		{12EF6F80-B5B7-46F2-8410-4666982C566C}.Release|Win32.ActiveCfg = Release|Win32
		{12EF6F80-B5B7-46F2-8410-4666982C566C}.Release|Win32.Build.0 = Release|Win32
	EndGlobalSection
	GlobalSection(SolutionProperties) = preSolution
		HideSolutionNode = FALSE
	EndGlobalSection
EndGlobal
